
Microsoft Visual Studio Solution File, Format Version 12.00
# Visual Studio Version 17
VisualStudioVersion = 17.3.32819.101
MinimumVisualStudioVersion = 10.0.40219.1
Project("{888888A0-9F3D-457C-B088-3A5042F75D52}") = "kapite1-3 uppgift 3", "kapite1-3 uppgift 3\kapite1-3 uppgift 3.pyproj", "{8C1C08DE-B23D-4B02-A172-8EAE3FF4EEDB}"
EndProject
Global
	GlobalSection(SolutionConfigurationPlatforms) = preSolution
		Debug|Any CPU = Debug|Any CPU
		Release|Any CPU = Release|Any CPU
	EndGlobalSection
	GlobalSection(ProjectConfigurationPlatforms) = postSolution
		{8C1C08DE-B23D-4B02-A172-8EAE3FF4EEDB}.Debug|Any CPU.ActiveCfg = Debug|Any CPU
		{8C1C08DE-B23D-4B02-A172-8EAE3FF4EEDB}.Release|Any CPU.ActiveCfg = Release|Any CPU
	EndGlobalSection
	GlobalSection(SolutionProperties) = preSolution
		HideSolutionNode = FALSE
	EndGlobalSection
	GlobalSection(ExtensibilityGlobals) = postSolution
		SolutionGuid = {824E15A0-CE3B-451E-A743-EBE34EE511CD}
	EndGlobalSection
EndGlobal
